
Microsoft Visual Studio Solution File, Format Version 12.00
# Visual Studio Version 17
VisualStudioVersion = 17.13.35828.75 d17.13
MinimumVisualStudioVersion = 10.0.40219.1
Project("{FAE04EC0-301F-11D3-BF4B-00C04F79EFBC}") = "Service", "Service\Service.csproj", "{0BD76838-F5FD-49A8-84AA-DFF6BE09F585}"
EndProject
Project("{FAE04EC0-301F-11D3-BF4B-00C04F79EFBC}") = "WebAPI", "WebAPI\WebAPI.csproj", "{40AEE644-16C6-4FE2-9D65-5A27FF9B59EC}"
EndProject
Global
	GlobalSection(SolutionConfigurationPlatforms) = preSolution
		Debug|Any CPU = Debug|Any CPU
		Release|Any CPU = Release|Any CPU
	EndGlobalSection
	GlobalSection(ProjectConfigurationPlatforms) = postSolution
		{0BD76838-F5FD-49A8-84AA-DFF6BE09F585}.Debug|Any CPU.ActiveCfg = Debug|Any CPU
		{0BD76838-F5FD-49A8-84AA-DFF6BE09F585}.Debug|Any CPU.Build.0 = Debug|Any CPU
		{0BD76838-F5FD-49A8-84AA-DFF6BE09F585}.Release|Any CPU.ActiveCfg = Release|Any CPU
		{0BD76838-F5FD-49A8-84AA-DFF6BE09F585}.Release|Any CPU.Build.0 = Release|Any CPU
		{40AEE644-16C6-4FE2-9D65-5A27FF9B59EC}.Debug|Any CPU.ActiveCfg = Debug|Any CPU
		{40AEE644-16C6-4FE2-9D65-5A27FF9B59EC}.Debug|Any CPU.Build.0 = Debug|Any CPU
		{40AEE644-16C6-4FE2-9D65-5A27FF9B59EC}.Release|Any CPU.ActiveCfg = Release|Any CPU
		{40AEE644-16C6-4FE2-9D65-5A27FF9B59EC}.Release|Any CPU.Build.0 = Release|Any CPU
	EndGlobalSection
	GlobalSection(SolutionProperties) = preSolution
		HideSolutionNode = FALSE
	EndGlobalSection
	GlobalSection(ExtensibilityGlobals) = postSolution
		SolutionGuid = {ABFECEB3-5D32-442F-8608-885C9272497A}
	EndGlobalSection
EndGlobal
